lockfileVersion: '9.0'
settings:
  autoInstallPeers: true
  excludeLinksFromLockfile: false
dependencies:
  browser-image-compression:
    specifier: ^2.0.2
    version: 2.0.2
  class-variance-authority:
    specifier: ^0.7.0
    version: 0.7.0
  clsx:
    specifier: ^2.1.1
    version: 2.1.1
  date-fns:
    specifier: ^3.6.0
    version: 3.6.0
  exifreader:
    specifier: ^4.23.6
    version: 4.23.6
  framer-motion:
    specifier: ^11.3.31
    version: 11.3.31
  geist:
    specifier: ^1.3.0
    version: 1.3.0
  jszip:
    specifier: ^3.10.1
    version: 3.10.1
  next:
    specifier: 14.2.5
    version: 14.2.5
  pdf-lib:
    specifier: ^1.17.1
    version: 1.17.1
  react:
    specifier: 18.3.1
    version: 18.3.1
  react-dom:
    specifier: 18.3.1
    version: 18.3.1
  react-dropzone:
    specifier: ^14.2.3
    version: 14.2.3
  tailwind-merge:
    specifier: ^2.5.2
    version: 2.5.2
  tesseract.js:
    specifier: ^5.1.1
    version: 5.1.1
  zod:
    specifier: ^3.23.8
    version: 3.23.8
devDependencies:
  '@playwright/test':
    specifier: ^1.47.1
    version: 1.47.1
  '@radix-ui/react-dialog':
    specifier: ^1.1.1
    version: 1.1.1
  '@radix-ui/react-progress':
    specifier: ^1.1.0
    version: 1.1.0
  '@radix-ui/react-slot':
    specifier: ^1.1.0
    version: 1.1.0
  '@types/jszip':
    specifier: ^3.10.6
    version: 3.10.6
  '@types/node':
    specifier: ^20.14.10
    version: 20.14.10
  '@types/react':
    specifier: ^18.3.3
    version: 18.3.3
  '@types/react-dom':
    specifier: ^18.3.0
    version: 18.3.0
  '@types/react-dropzone':
    specifier: ^14.2.8
    version: 14.2.8
  autoprefixer:
    specifier: ^10.4.20
    version: 10.4.20
  eslint:
    specifier: ^8.57.0
    version: 8.57.0
  eslint-config-next:
    specifier: 14.2.5
    version: 14.2.5
  eslint-config-prettier:
    specifier: ^9.1.0
    version: 9.1.0
  husky:
    specifier: ^9.1.6
    version: 9.1.6
  lint-staged:
    specifier: ^15.2.9
    version: 15.2.9
  postcss:
    specifier: ^8.4.41
    version: 8.4.41
  prettier:
    specifier: ^3.3.3
    version: 3.3.3
  tailwindcss:
    specifier: ^3.4.10
    version: 3.4.10
  typescript:
    specifier: ^5.5.4
    version: 5.5.4

